
Microsoft Visual Studio Solution File, Format Version 12.00
# Visual Studio 15
VisualStudioVersion = 15.0.27130.2003
MinimumVisualStudioVersion = 10.0.40219.1
Project("{2150E333-8FDC-42A3-9474-1A3956D46DE8}") = "EFCore21", "EFCore21", "{00929978-4B08-4616-9275-9844D5BF3C27}"
EndProject
Project("{2150E333-8FDC-42A3-9474-1A3956D46DE8}") = "EFCore20", "EFCore20", "{B91FFE04-996F-4231-BDD0-542186560DC2}"
EndProject
Project("{FAE04EC0-301F-11D3-BF4B-00C04F79EFBC}") = "8-ManyToMany", "ManyToMany\8-ManyToMany.csproj", "{6ECDBB2E-D4D0-46F8-91E6-EF816CA758EA}"
EndProject
Project("{FAE04EC0-301F-11D3-BF4B-00C04F79EFBC}") = "4-ProvedorOracle", "ProvedorOracle\4-ProvedorOracle.csproj", "{1E2A186D-66A0-4DCB-8803-A6F0DAB1CEF7}"
EndProject
Project("{FAE04EC0-301F-11D3-BF4B-00C04F79EFBC}") = "1-OrdenarColunas", "OrdenarColunas\1-OrdenarColunas.csproj", "{A4EF1B48-A243-46F9-B993-9F55AAB5C529}"
EndProject
Project("{FAE04EC0-301F-11D3-BF4B-00C04F79EFBC}") = "3-EFFunctions", "EFFunctions\3-EFFunctions.csproj", "{ED2C9DC6-C249-4BB9-A546-21912A9595D8}"
EndProject
Project("{FAE04EC0-301F-11D3-BF4B-00C04F79EFBC}") = "2-DataSeed", "DateSeed\2-DataSeed.csproj", "{FBE219A1-75A2-4A55-BC4F-2AF41CA7459B}"
EndProject
Project("{FAE04EC0-301F-11D3-BF4B-00C04F79EFBC}") = "7-LazyLoad", "CarregamentoPreguicoso\7-LazyLoad.csproj", "{048EDD64-E366-454C-9B45-A66C046D2DFA}"
EndProject
Project("{FAE04EC0-301F-11D3-BF4B-00C04F79EFBC}") = "6-TiposDerivados", "TiposDerivados\6-TiposDerivados.csproj", "{5CA16656-4E9B-4EAA-83CC-A6AF76CCC5F7}"
EndProject
Project("{FAE04EC0-301F-11D3-BF4B-00C04F79EFBC}") = "5-ConversoesDeTipos", "ConversoesDeTipos\5-ConversoesDeTipos.csproj", "{F1B3FCE2-52A4-4B28-8AC3-3D860ED62740}"
EndProject
Project("{FAE04EC0-301F-11D3-BF4B-00C04F79EFBC}") = "Exemplo20", "EFFunctions20\Exemplo20.csproj", "{1C72286D-CFFE-4EA5-A6FD-ECCD14B77E1E}"
EndProject
Project("{FAE04EC0-301F-11D3-BF4B-00C04F79EFBC}") = "TiposDerivados20", "TiposDerivados20\TiposDerivados20.csproj", "{5B92A11D-BD2A-4D27-9DAE-71378408E152}"
EndProject
Project("{FAE04EC0-301F-11D3-BF4B-00C04F79EFBC}") = "DapperEFCore", "DapperEFCore\DapperEFCore.csproj", "{3D1632EC-3D50-4606-8BB4-8D3C5705A3D4}"
EndProject
Global
	GlobalSection(SolutionConfigurationPlatforms) = preSolution
		Debug|Any CPU = Debug|Any CPU
		Release|Any CPU = Release|Any CPU
	EndGlobalSection
	GlobalSection(ProjectConfigurationPlatforms) = postSolution
		{6ECDBB2E-D4D0-46F8-91E6-EF816CA758EA}.Debug|Any CPU.ActiveCfg = Debug|Any CPU
		{6ECDBB2E-D4D0-46F8-91E6-EF816CA758EA}.Debug|Any CPU.Build.0 = Debug|Any CPU
		{6ECDBB2E-D4D0-46F8-91E6-EF816CA758EA}.Release|Any CPU.ActiveCfg = Release|Any CPU
		{6ECDBB2E-D4D0-46F8-91E6-EF816CA758EA}.Release|Any CPU.Build.0 = Release|Any CPU
		{1E2A186D-66A0-4DCB-8803-A6F0DAB1CEF7}.Debug|Any CPU.ActiveCfg = Debug|Any CPU
		{1E2A186D-66A0-4DCB-8803-A6F0DAB1CEF7}.Debug|Any CPU.Build.0 = Debug|Any CPU
		{1E2A186D-66A0-4DCB-8803-A6F0DAB1CEF7}.Release|Any CPU.ActiveCfg = Release|Any CPU
		{1E2A186D-66A0-4DCB-8803-A6F0DAB1CEF7}.Release|Any CPU.Build.0 = Release|Any CPU
		{A4EF1B48-A243-46F9-B993-9F55AAB5C529}.Debug|Any CPU.ActiveCfg = Debug|Any CPU
		{A4EF1B48-A243-46F9-B993-9F55AAB5C529}.Debug|Any CPU.Build.0 = Debug|Any CPU
		{A4EF1B48-A243-46F9-B993-9F55AAB5C529}.Release|Any CPU.ActiveCfg = Release|Any CPU
		{A4EF1B48-A243-46F9-B993-9F55AAB5C529}.Release|Any CPU.Build.0 = Release|Any CPU
		{ED2C9DC6-C249-4BB9-A546-21912A9595D8}.Debug|Any CPU.ActiveCfg = Debug|Any CPU
		{ED2C9DC6-C249-4BB9-A546-21912A9595D8}.Debug|Any CPU.Build.0 = Debug|Any CPU
		{ED2C9DC6-C249-4BB9-A546-21912A9595D8}.Release|Any CPU.ActiveCfg = Release|Any CPU
		{ED2C9DC6-C249-4BB9-A546-21912A9595D8}.Release|Any CPU.Build.0 = Release|Any CPU
		{FBE219A1-75A2-4A55-BC4F-2AF41CA7459B}.Debug|Any CPU.ActiveCfg = Debug|Any CPU
		{FBE219A1-75A2-4A55-BC4F-2AF41CA7459B}.Debug|Any CPU.Build.0 = Debug|Any CPU
		{FBE219A1-75A2-4A55-BC4F-2AF41CA7459B}.Release|Any CPU.ActiveCfg = Release|Any CPU
		{FBE219A1-75A2-4A55-BC4F-2AF41CA7459B}.Release|Any CPU.Build.0 = Release|Any CPU
		{048EDD64-E366-454C-9B45-A66C046D2DFA}.Debug|Any CPU.ActiveCfg = Debug|Any CPU
		{048EDD64-E366-454C-9B45-A66C046D2DFA}.Debug|Any CPU.Build.0 = Debug|Any CPU
		{048EDD64-E366-454C-9B45-A66C046D2DFA}.Release|Any CPU.ActiveCfg = Release|Any CPU
		{048EDD64-E366-454C-9B45-A66C046D2DFA}.Release|Any CPU.Build.0 = Release|Any CPU
		{5CA16656-4E9B-4EAA-83CC-A6AF76CCC5F7}.Debug|Any CPU.ActiveCfg = Debug|Any CPU
		{5CA16656-4E9B-4EAA-83CC-A6AF76CCC5F7}.Debug|Any CPU.Build.0 = Debug|Any CPU
		{5CA16656-4E9B-4EAA-83CC-A6AF76CCC5F7}.Release|Any CPU.ActiveCfg = Release|Any CPU
		{5CA16656-4E9B-4EAA-83CC-A6AF76CCC5F7}.Release|Any CPU.Build.0 = Release|Any CPU
		{F1B3FCE2-52A4-4B28-8AC3-3D860ED62740}.Debug|Any CPU.ActiveCfg = Debug|Any CPU
		{F1B3FCE2-52A4-4B28-8AC3-3D860ED62740}.Debug|Any CPU.Build.0 = Debug|Any CPU
		{F1B3FCE2-52A4-4B28-8AC3-3D860ED62740}.Release|Any CPU.ActiveCfg = Release|Any CPU
		{F1B3FCE2-52A4-4B28-8AC3-3D860ED62740}.Release|Any CPU.Build.0 = Release|Any CPU
		{1C72286D-CFFE-4EA5-A6FD-ECCD14B77E1E}.Debug|Any CPU.ActiveCfg = Debug|Any CPU
		{1C72286D-CFFE-4EA5-A6FD-ECCD14B77E1E}.Debug|Any CPU.Build.0 = Debug|Any CPU
		{1C72286D-CFFE-4EA5-A6FD-ECCD14B77E1E}.Release|Any CPU.ActiveCfg = Release|Any CPU
		{1C72286D-CFFE-4EA5-A6FD-ECCD14B77E1E}.Release|Any CPU.Build.0 = Release|Any CPU
		{5B92A11D-BD2A-4D27-9DAE-71378408E152}.Debug|Any CPU.ActiveCfg = Debug|Any CPU
		{5B92A11D-BD2A-4D27-9DAE-71378408E152}.Debug|Any CPU.Build.0 = Debug|Any CPU
		{5B92A11D-BD2A-4D27-9DAE-71378408E152}.Release|Any CPU.ActiveCfg = Release|Any CPU
		{5B92A11D-BD2A-4D27-9DAE-71378408E152}.Release|Any CPU.Build.0 = Release|Any CPU
		{3D1632EC-3D50-4606-8BB4-8D3C5705A3D4}.Debug|Any CPU.ActiveCfg = Debug|Any CPU
		{3D1632EC-3D50-4606-8BB4-8D3C5705A3D4}.Debug|Any CPU.Build.0 = Debug|Any CPU
		{3D1632EC-3D50-4606-8BB4-8D3C5705A3D4}.Release|Any CPU.ActiveCfg = Release|Any CPU
		{3D1632EC-3D50-4606-8BB4-8D3C5705A3D4}.Release|Any CPU.Build.0 = Release|Any CPU
	EndGlobalSection
	GlobalSection(SolutionProperties) = preSolution
		HideSolutionNode = FALSE
	EndGlobalSection
	GlobalSection(NestedProjects) = preSolution
		{6ECDBB2E-D4D0-46F8-91E6-EF816CA758EA} = {00929978-4B08-4616-9275-9844D5BF3C27}
		{1E2A186D-66A0-4DCB-8803-A6F0DAB1CEF7} = {00929978-4B08-4616-9275-9844D5BF3C27}
		{A4EF1B48-A243-46F9-B993-9F55AAB5C529} = {00929978-4B08-4616-9275-9844D5BF3C27}
		{ED2C9DC6-C249-4BB9-A546-21912A9595D8} = {00929978-4B08-4616-9275-9844D5BF3C27}
		{FBE219A1-75A2-4A55-BC4F-2AF41CA7459B} = {00929978-4B08-4616-9275-9844D5BF3C27}
		{048EDD64-E366-454C-9B45-A66C046D2DFA} = {00929978-4B08-4616-9275-9844D5BF3C27}
		{5CA16656-4E9B-4EAA-83CC-A6AF76CCC5F7} = {00929978-4B08-4616-9275-9844D5BF3C27}
		{F1B3FCE2-52A4-4B28-8AC3-3D860ED62740} = {00929978-4B08-4616-9275-9844D5BF3C27}
		{1C72286D-CFFE-4EA5-A6FD-ECCD14B77E1E} = {B91FFE04-996F-4231-BDD0-542186560DC2}
		{5B92A11D-BD2A-4D27-9DAE-71378408E152} = {B91FFE04-996F-4231-BDD0-542186560DC2}
		{3D1632EC-3D50-4606-8BB4-8D3C5705A3D4} = {00929978-4B08-4616-9275-9844D5BF3C27}
	EndGlobalSection
	GlobalSection(ExtensibilityGlobals) = postSolution
		SolutionGuid = {33E9DF5D-B36B-4982-B683-4CBA0F430353}
	EndGlobalSection
EndGlobal
